# THIS IS AN AUTOGENERATED FILE. DO NOT EDIT THIS FILE DIRECTLY.
# yarn lockfile v1


"@types/events@*":
  version "3.0.0"
  resolved "https://registry.yarnpkg.com/@types/events/-/events-3.0.0.tgz#2862f3f58a9a7f7c3e78d79f130dd4d71c25c2a7"
  integrity sha512-EaObqwIvayI5a8dCzhFrjKzVwKLxjoG9T6Ppd5CEo07LRKfQ8Yokw54r5+Wq7FaBQ+yXRvQAYPrHwya1/UFt9g==

"@types/jest-diff@*":
  version "20.0.1"
  resolved "https://registry.yarnpkg.com/@types/jest-diff/-/jest-diff-20.0.1.tgz#35cc15b9c4f30a18ef21852e255fdb02f6d59b89"
  integrity sha512-yALhelO3i0hqZwhjtcr6dYyaLoCHbAMshwtj6cGxTvHZAKXHsYGdff6E8EPw3xLKY0ELUTQ69Q1rQiJENnccMA==

"@types/jest-environment-puppeteer@^4.0.0":
  version "4.0.0"
  resolved "https://registry.yarnpkg.com/@types/jest-environment-puppeteer/-/jest-environment-puppeteer-4.0.0.tgz#0e696618965e7472471e4f1ae25adb72bcf38433"
  integrity sha512-On6C1NKiruviCSUaZgNW4yR0J05rLZTgOyIFMiT9F66rR8zwCQu1Wj9+c50+f5r6m207+hjxtPy1Tgrr+nkfkw==
  dependencies:
    "@types/puppeteer" "*"

"@types/jest@^24.0.11":
  version "24.0.11"
  resolved "https://registry.yarnpkg.com/@types/jest/-/jest-24.0.11.tgz#1f099bea332c228ea6505a88159bfa86a5858340"
  integrity sha512-2kLuPC5FDnWIDvaJBzsGTBQaBbnDweznicvK7UGYzlIJP4RJR2a4A/ByLUXEyEgag6jz8eHdlWExGDtH3EYUXQ==
  dependencies:
    "@types/jest-diff" "*"

"@types/node@*":
  version "11.12.0"
  resolved "https://registry.yarnpkg.com/@types/node/-/node-11.12.0.tgz#ec5594728811dc2797e42396cfcdf786f2052c12"
  integrity sha512-Lg00egj78gM+4aE0Erw05cuDbvX9sLJbaaPwwRtdCdAMnIudqrQZ0oZX98Ek0yiSK/A2nubHgJfvII/rTT2Dwg==

"@types/puppeteer@*", "@types/puppeteer@^1.12.3":
  version "1.12.3"
  resolved "https://registry.yarnpkg.com/@types/puppeteer/-/puppeteer-1.12.3.tgz#1309882d368ed21004dfc4520864fdafcf126277"
  integrity sha512-mJtUPdXqB8THRwiHPbx8pkGYi+8IPf3dMuwJS9hHpr59BwkuLDkkEJ4qMST0k6TbOUXp+wyMJii30ouSkoEtaw==
  dependencies:
    "@types/node" "*"

"@types/xml2js@^0.4.3":
  version "0.4.3"
  resolved "https://registry.yarnpkg.com/@types/xml2js/-/xml2js-0.4.3.tgz#2f41bfc74d5a4022511721f872ed395a210ad3b7"
  integrity sha512-Pv2HGRE4gWLs31In7nsyXEH4uVVsd0HNV9i2dyASvtDIlOtSTr1eczPLDpdEuyv5LWH5LT20GIXwPjkshKWI1g==
  dependencies:
    "@types/events" "*"
    "@types/node" "*"
