# Generated by buf. DO NOT EDIT.
version: v1
deps:
  - remote: buf.build
    owner: googleapis
    repository: googleapis
    commit: 61b203b9a9164be9a834f58c37be6f62
    digest: shake256:e619113001d6e284ee8a92b1561e5d4ea89a47b28bf0410815cb2fa23914df8be9f1a6a98dcf069f5bc2d829a2cfb1ac614863be45cd4f8a5ad8606c5f200224
  - remote: buf.build
    owner: grpc-ecosystem
    repository: grpc-gateway
    commit: 4c5ba75caaf84e928b7137ae5c18c26a
    digest: shake256:e174ad9408f3e608f6157907153ffec8d310783ee354f821f57178ffbeeb8faa6bb70b41b61099c1783c82fe16210ebd1279bc9c9ee6da5cffba9f0e675b8b99
  - remote: buf.build
    owner: ufoundit-dev
    repository: protoc-gen-gorm
    commit: e2ecbaa0d37843298104bd29fd866df8
    digest: shake256:088347669906bc49513b40d58fd7ae877769668928fca038e070732ce0f9855c03f21885b0099e0d27acf9475feca0a34dbcedac22bb374bf2cd7c1e352de56c
