{
  "name": "code-server-extension",
  "version": "0.0.1",
  "lockfileVersion": 3,
  "requires": true,
  "packages": {
    "": {
      "name": "code-server-extension",
      "version": "0.0.1",
      "license": "MIT",
      "devDependencies": {
        "@types/vscode": "^1.56.0",
        "typescript": "^5.6.2"
      },
      "engines": {
        "vscode": "^1.56.0"
      }
    },
    "node_modules/@types/vscode": {
      "version": "1.94.0",
      "resolved": "https://registry.npmjs.org/@types/vscode/-/vscode-1.94.0.tgz",
      "integrity": "sha512-UyQOIUT0pb14XSqJskYnRwD2aG0QrPVefIfrW1djR+/J4KeFQ0i1+hjZoaAmeNf3Z2jleK+R2hv+EboG/m8ruw==",
      "dev": true,
      "license": "MIT"
    },
    "node_modules/typescript": {
      "version": "5.6.3",
      "resolved": "https://registry.npmjs.org/typescript/-/typescript-5.6.3.tgz",
      "integrity": "sha512-hjcS1mhfuyi4WW8IWtjP7brDrG2cuDZukyrYrSauoXGNgx0S7zceP07adYkJycEr56BOUTNPzbInooiN3fn1qw==",
      "dev": true,
      "license": "Apache-2.0",
      "bin": {
        "tsc": "bin/tsc",
        "tsserver": "bin/tsserver"
      },
      "engines": {
        "node": ">=14.17"
      }
    }
  }
}
