# THIS IS AN AUTOGENERATED FILE. DO NOT EDIT THIS FILE DIRECTLY.
# yarn lockfile v1


"@types/vscode@^1.56.0":
  version "1.57.0"
  resolved "https://registry.yarnpkg.com/@types/vscode/-/vscode-1.57.0.tgz#cc648e0573b92f725cd1baf2621f8da9f8bc689f"
  integrity sha512-FeznBFtIDCWRluojTsi9c3LLcCHOXP5etQfBK42+ixo1CoEAchkw39tuui9zomjZuKfUVL33KZUDIwHZ/xvOkQ==

typescript@^4.0.5:
  version "4.3.2"
  resolved "https://registry.yarnpkg.com/typescript/-/typescript-4.3.2.tgz#399ab18aac45802d6f2498de5054fcbbe716a805"
  integrity sha512-zZ4hShnmnoVnAHpVHWpTcxdv7dWP60S2FsydQLV8V5PbS3FifjWFFRiHSWpDJahly88PRyV5teTSLoq4eG7mKw==
