# THIS IS AN AUTOGENERATED FILE. DO NOT EDIT THIS FILE DIRECTLY.
# yarn lockfile v1


iconv-lite-umd@0.6.8:
  version "0.6.8"
  resolved "https://registry.yarnpkg.com/iconv-lite-umd/-/iconv-lite-umd-0.6.8.tgz#5ad310ec126b260621471a2d586f7f37b9958ec0"
  integrity sha512-zvXJ5gSwMC9JD3wDzH8CoZGc1pbiJn12Tqjk8BXYCnYz3hYL5GRjHW8LEykjXhV9WgNGI4rgpgHcbIiBfrRq6A==

jschardet@3.0.0:
  version "3.0.0"
  resolved "https://registry.yarnpkg.com/jschardet/-/jschardet-3.0.0.tgz#898d2332e45ebabbdb6bf2feece9feea9a99e882"
  integrity sha512-lJH6tJ77V8Nzd5QWRkFYCLc13a3vADkh3r/Fi8HupZGWk2OVVDfnZP8V/VgQgZ+lzW0kG2UGb5hFgt3V3ndotQ==

tas-client-umd@0.1.5:
  version "0.1.5"
  resolved "https://registry.yarnpkg.com/tas-client-umd/-/tas-client-umd-0.1.5.tgz#743c02e344afdec55a68bb9d62805e30a1ae83d4"
  integrity sha512-NL9eFzYBBHfiYja6tP27084j4YbqtGEk68C5BTyTNHapsM9dizZ/RoSUGst5L1xUiw1zO1WbHf4Lir2e/wgT8g==

vscode-oniguruma@1.5.1:
  version "1.5.1"
  resolved "https://registry.yarnpkg.com/vscode-oniguruma/-/vscode-oniguruma-1.5.1.tgz#9ca10cd3ada128bd6380344ea28844243d11f695"
  integrity sha512-JrBZH8DCC262TEYcYdeyZusiETu0Vli0xFgdRwNJjDcObcRjbmJP+IFcA3ScBwIXwgFHYKbAgfxtM/Cl+3Spjw==

vscode-textmate@5.4.0:
  version "5.4.0"
  resolved "https://registry.yarnpkg.com/vscode-textmate/-/vscode-textmate-5.4.0.tgz#4b25ffc1f14ac3a90faf9a388c67a01d24257cd7"
  integrity sha512-c0Q4zYZkcLizeYJ3hNyaVUM2AA8KDhNCA3JvXY8CeZSJuBdAy3bAvSbv46RClC4P3dSO9BdwhnKEx2zOo6vP/w==

xterm-addon-search@0.9.0-beta.5:
  version "0.9.0-beta.5"
  resolved "https://registry.yarnpkg.com/xterm-addon-search/-/xterm-addon-search-0.9.0-beta.5.tgz#e0e60a203d1c9d6c8af933648a46865dba299302"
  integrity sha512-ylfqim0ISBvuuX83LQwgu/06p5GC545QsAo9SssXw03TPpIrcd0zwaVMEnhOftSIzM9EKRRsyx3GbBjgUdiF5w==

xterm-addon-unicode11@0.3.0:
  version "0.3.0"
  resolved "https://registry.yarnpkg.com/xterm-addon-unicode11/-/xterm-addon-unicode11-0.3.0.tgz#e4435c3c91a5294a7eb8b79c380acbb28a659463"
  integrity sha512-x5fHDZT2j9tlTlHnzPHt++9uKZ2kJ/lYQOj3L6xJA22xoJsS8UQRw/5YIFg2FUHqEAbV77Z1fZij/9NycMSH/A==

xterm-addon-webgl@0.11.2:
  version "0.11.2"
  resolved "https://registry.yarnpkg.com/xterm-addon-webgl/-/xterm-addon-webgl-0.11.2.tgz#eeb01f85cb35b0e47d1a3b691d4c6de8b2584c8e"
  integrity sha512-eEOKEIMZO0IRb+UTHhTaUwxpD1cu7Zqr+jdUfhDv9cfVieg9c4mcRn9RWvNGlprGdlLmOSTUByhm8ve6qAc4HQ==

xterm@4.14.1:
  version "4.14.1"
  resolved "https://registry.yarnpkg.com/xterm/-/xterm-4.14.1.tgz#6884cb8fb3b83353b1a98139ea23daedf8e35796"
  integrity sha512-jgzNg5BuGPwq5/M4dGnmbghZvHx2jaj+9crSEt15bV34Za49VziBmCu7zIy88zUKKiGTxeo7aVzirFSJArIMFw==
