# THIS IS AN AUTOGENERATED FILE. DO NOT EDIT THIS FILE DIRECTLY.
# yarn lockfile v1


"@types/jest@^23.3.12":
  version "23.3.12"
  resolved "https://registry.yarnpkg.com/@types/jest/-/jest-23.3.12.tgz#7e0ced251fa94c3bc2d1023d4b84b2992fa06376"
  integrity sha512-/kQvbVzdEpOq4tEWT79yAHSM4nH4xMlhJv2GrLVQt4Qmo8yYsPdioBM1QpN/2GX1wkfMnyXvdoftvLUr0LBj7Q==

xmlhttprequest@1.8.0:
  version "1.8.0"
  resolved "https://registry.yarnpkg.com/xmlhttprequest/-/xmlhttprequest-1.8.0.tgz#67fe075c5c24fef39f9d65f5f7b7fe75171968fc"
  integrity sha1-Z/4HXFwk/vOfnWX197f+dRcZaPw=
