# THIS IS AN AUTOGENERATED FILE. DO NOT EDIT THIS FILE DIRECTLY.
# yarn lockfile v1


"@material/animation@^0.41.0":
  version "0.41.0"
  resolved "https://registry.yarnpkg.com/@material/animation/-/animation-0.41.0.tgz#315b45b32e1aeebee8a4cf555b8ad52076d09ddd"
  integrity sha512-yYAwJbX3Q2AFd4dr6IYOsWLQy2HN8zWOFVl9AbUXunjzTfJCa/ecfXCriaT6qkmoNoHeTdJHRrsQJZC5GsPvzA==

"@material/auto-init@^0.41.0":
  version "0.41.0"
  resolved "https://registry.yarnpkg.com/@material/auto-init/-/auto-init-0.41.0.tgz#8a59bb0b83e0f51ead9508074f9a29b2b6a20eec"
  integrity sha512-jp6L8MpYu7DudgDfA8iTyD9BwQrYPEDsIJGbqzN9vcCBl5FoBatkB8pcFXKr+1mRBk7T1Qmf6+H5nDtxyXjHEQ==

"@material/base@^0.41.0":
  version "0.41.0"
  resolved "https://registry.yarnpkg.com/@material/base/-/base-0.41.0.tgz#badadce711b4c25b1eb889a5e7581e32cd07c421"
  integrity sha512-tEyzwBRu3d1H120SfKsDVYZHcqT5lKohh/7cWKR93aAaPDkSvjpKJIjyu2yuSkjpDduVZGzVocYbOvhUKhhzXQ==

"@material/button@^0.44.0":
  version "0.44.0"
  resolved "https://registry.yarnpkg.com/@material/button/-/button-0.44.0.tgz#f01dcbea88bdc314e7640b76e5558101c8b4d69d"
  integrity sha512-T8u8s8rlB49D9/5Nh5b0XsKRgSq3X0yWGo71MgaTnCnwxt8oZ6PxW/cH6Nn3Xp0NCr3mlSVQs08BviUfAmtlsg==
  dependencies:
    "@material/elevation" "^0.44.0"
    "@material/feature-targeting" "^0.44.0"
    "@material/ripple" "^0.44.0"
    "@material/rtl" "^0.42.0"
    "@material/shape" "^0.43.0"
    "@material/theme" "^0.43.0"
    "@material/typography" "^0.44.0"

"@material/card@^0.44.0":
  version "0.44.0"
  resolved "https://registry.yarnpkg.com/@material/card/-/card-0.44.0.tgz#e62050e3e77f525173a015119200055cd7b71bf0"
  integrity sha512-fUixXuh133bVp5c1gPIHreL5jwMJEeVIQf0E4xdxhkA+i4ku8fIAvIW62EuCmfJsXicv4q8NG3Ip6pCY+NW3ZA==
  dependencies:
    "@material/elevation" "^0.44.0"
    "@material/ripple" "^0.44.0"
    "@material/rtl" "^0.42.0"
    "@material/shape" "^0.43.0"
    "@material/theme" "^0.43.0"

"@material/checkbox@^0.44.0":
  version "0.44.0"
  resolved "https://registry.yarnpkg.com/@material/checkbox/-/checkbox-0.44.0.tgz#5d0eee1db006db9f0fb700bf1c20408292305cf7"
  integrity sha512-IzucxG+NuPNyByGmHg/cuYJ5ooMKouuj994PZXZyqb7owfrjjtXm7wjav66cvCowbVbcoa1owQMGBi18C9f4TQ==
  dependencies:
    "@material/animation" "^0.41.0"
    "@material/base" "^0.41.0"
    "@material/ripple" "^0.44.0"
    "@material/rtl" "^0.42.0"
    "@material/selection-control" "^0.44.0"
    "@material/theme" "^0.43.0"

"@material/checkbox@^0.44.1":
  version "0.44.1"
  resolved "https://registry.yarnpkg.com/@material/checkbox/-/checkbox-0.44.1.tgz#7e69271ccab7c57914a475da3a15d4d36702c1c4"
  integrity sha512-RFUNc+9RKRozL+gXfJ8V57tXfC31Q9R9tRMTHpe62NXZriTrwNJDnSkFIERDXqtMGtkKUnIlPfPE5znF6XyPUw==
  dependencies:
    "@material/animation" "^0.41.0"
    "@material/base" "^0.41.0"
    "@material/feature-targeting" "^0.44.1"
    "@material/ripple" "^0.44.1"
    "@material/rtl" "^0.42.0"
    "@material/selection-control" "^0.44.1"
    "@material/theme" "^0.43.0"

"@material/chips@^0.44.0":
  version "0.44.0"
  resolved "https://registry.yarnpkg.com/@material/chips/-/chips-0.44.0.tgz#bf553a5bf5db7320978402ac92069c9688b84d5a"
  integrity sha512-+qrme6sGwYmX/ixHAo3Z1M7lorsxRyKexn1l+BSBX5PBc2f4w5Ml1eYYYcyVGfLX9LXmefRk0G6dUXXPyCE00g==
  dependencies:
    "@material/animation" "^0.41.0"
    "@material/base" "^0.41.0"
    "@material/checkbox" "^0.44.0"
    "@material/elevation" "^0.44.0"
    "@material/ripple" "^0.44.0"
    "@material/shape" "^0.43.0"
    "@material/theme" "^0.43.0"
    "@material/typography" "^0.44.0"

"@material/dialog@^0.44.0":
  version "0.44.0"
  resolved "https://registry.yarnpkg.com/@material/dialog/-/dialog-0.44.0.tgz#388f93f9f225824c75cbe9da8c464a52d79972e8"
  integrity sha512-V6ButfknOMKOscL0Y39yLjamxvrIuyugobjf5s44ZeJc+9jUSkC7M3zP+T7rh358NcX+JSPP8iCGmUn/+LXpMQ==
  dependencies:
    "@material/animation" "^0.41.0"
    "@material/base" "^0.41.0"
    "@material/dom" "^0.41.0"
    "@material/elevation" "^0.44.0"
    "@material/ripple" "^0.44.0"
    "@material/rtl" "^0.42.0"
    "@material/shape" "^0.43.0"
    "@material/theme" "^0.43.0"
    "@material/typography" "^0.44.0"
    focus-trap "^4.0.2"

"@material/dom@^0.41.0":
  version "0.41.0"
  resolved "https://registry.yarnpkg.com/@material/dom/-/dom-0.41.0.tgz#6756865f97bad4c91ee75e69d769d7cdc25398ae"
  integrity sha512-wOJrMwjPddYXpQFZAIaCLWI3TO/6KU1lxESTBzunni8A4FHQVWhokml5Xt85GqZwmPFeIF2s+D0wfbWyrGBuKQ==

"@material/drawer@^0.44.0":
  version "0.44.0"
  resolved "https://registry.yarnpkg.com/@material/drawer/-/drawer-0.44.0.tgz#74b3ddfb741bffc72331c7a73cf62716fd3f0ab3"
  integrity sha512-AYwFe0jgqqSmJd1bny8JJTA2SScF86Wfbk99lXXEwd/acS8IbnnuH6zfAg6MyJX12FDb8dE8Z/Ok1IwLiVa9sQ==
  dependencies:
    "@material/animation" "^0.41.0"
    "@material/base" "^0.41.0"
    "@material/elevation" "^0.44.0"
    "@material/list" "^0.44.0"
    "@material/ripple" "^0.44.0"
    "@material/rtl" "^0.42.0"
    "@material/shape" "^0.43.0"
    "@material/theme" "^0.43.0"
    "@material/typography" "^0.44.0"
    focus-trap "^4.0.2"

"@material/elevation@^0.44.0":
  version "0.44.0"
  resolved "https://registry.yarnpkg.com/@material/elevation/-/elevation-0.44.0.tgz#ca16a67188ce9810dc2fa3d7a39073e72df4b754"
  integrity sha512-edNou34yFCSMb6XXe/6Y7AEh8DigWAhBUyIeMiMBD4k1km2xYCJbcnl8FBPJFteOrca97KoJComRlJPB6EurRQ==
  dependencies:
    "@material/animation" "^0.41.0"
    "@material/theme" "^0.43.0"

"@material/fab@^0.44.0":
  version "0.44.0"
  resolved "https://registry.yarnpkg.com/@material/fab/-/fab-0.44.0.tgz#0bcbbdfb6f24c53d59e08c9c0d400d2616dea184"
  integrity sha512-1CEP4NlXDYioJ/YpSjh/MlIygtoC7CaHqIbucxX1O5WRPmS7K1uPt+o7netbLErAmcJdV/JrI/tqh9kKuX2x/Q==
  dependencies:
    "@material/animation" "^0.41.0"
    "@material/elevation" "^0.44.0"
    "@material/ripple" "^0.44.0"
    "@material/rtl" "^0.42.0"
    "@material/shape" "^0.43.0"
    "@material/theme" "^0.43.0"
    "@material/typography" "^0.44.0"

"@material/feature-targeting@^0.44.0":
  version "0.44.0"
  resolved "https://registry.yarnpkg.com/@material/feature-targeting/-/feature-targeting-0.44.0.tgz#52cc73f0c8a83159de0357aebe74f15f9856fb4c"
  integrity sha512-ShuC2TOLfjFpYUCQFtvkqDJhM6HTaucSx5HkRbOvOG+VlpzDx6pAqRUmdVaq2p7tHoQf2vwPMlSVm3gOjWt4VQ==

"@material/feature-targeting@^0.44.1":
  version "0.44.1"
  resolved "https://registry.yarnpkg.com/@material/feature-targeting/-/feature-targeting-0.44.1.tgz#afafc80294e5efab94bee31a187273d43d34979a"
  integrity sha512-90cc7njn4aHbH9UxY8qgZth1W5JgOgcEdWdubH1t7sFkwqFxS5g3zgxSBt46TygFBVIXNZNq35Xmg80wgqO7Pg==

"@material/floating-label@^0.44.0":
  version "0.44.0"
  resolved "https://registry.yarnpkg.com/@material/floating-label/-/floating-label-0.44.0.tgz#8694cd49f6905641b67a9e7a112b820d028f09c7"
  integrity sha512-k4npGNxyMtnjgJZNjU5VvqqaUqlbzlbVAhepT8PxYTpj+4Skg6PjHwieTCDCgsbqHvFcQX+WfUrSZXY7wFV7cw==
  dependencies:
    "@material/animation" "^0.41.0"
    "@material/base" "^0.41.0"
    "@material/rtl" "^0.42.0"
    "@material/theme" "^0.43.0"
    "@material/typography" "^0.44.0"

"@material/floating-label@^0.44.1":
  version "0.44.1"
  resolved "https://registry.yarnpkg.com/@material/floating-label/-/floating-label-0.44.1.tgz#39af84a3a0abbfa6d210911d5f4200a65c2ef59b"
  integrity sha512-umj5q5feJcZuB8snRX5aVBrwQNnrt/HcvN7pENzgqaYZNcmBnxRl0OutTlHCn6l7OVU9VlWhFMf77DYwmMWKJQ==
  dependencies:
    "@material/animation" "^0.41.0"
    "@material/base" "^0.41.0"
    "@material/rtl" "^0.42.0"
    "@material/theme" "^0.43.0"
    "@material/typography" "^0.44.1"

"@material/form-field@^0.44.0":
  version "0.44.0"
  resolved "https://registry.yarnpkg.com/@material/form-field/-/form-field-0.44.0.tgz#b7518e885c0e953a2a5fe0140af927c30e066f4e"
  integrity sha512-SK+V34dzoBCQ/CHn5nBp8BAh21Vj9p1pcok+/WpYBTeg4EphTYP2nUQLMNEN92l6zjgAYf+g9Ocj3t26HNHWqA==
  dependencies:
    "@material/base" "^0.41.0"
    "@material/rtl" "^0.42.0"
    "@material/selection-control" "^0.44.0"
    "@material/theme" "^0.43.0"
    "@material/typography" "^0.44.0"

"@material/grid-list@^0.44.0":
  version "0.44.0"
  resolved "https://registry.yarnpkg.com/@material/grid-list/-/grid-list-0.44.0.tgz#bd31d992ab1a910731e4a47c11fe91d44e3bc02b"
  integrity sha512-NxLL0A48K1O14ZZymFIyf6HDbF33+NgXYXqP2yosTC3Jw4iwmUcJTpFTmSw1U/m1xT4zEpeKEGJ4vjVUWpS9Mg==
  dependencies:
    "@material/base" "^0.41.0"
    "@material/rtl" "^0.42.0"
    "@material/theme" "^0.43.0"
    "@material/typography" "^0.44.0"

"@material/icon-button@^0.44.0":
  version "0.44.0"
  resolved "https://registry.yarnpkg.com/@material/icon-button/-/icon-button-0.44.0.tgz#febbcfd27d91eca8096ae042b9c07ed0f65345e9"
  integrity sha512-n6L7RaRyEci6eGsuBTSEG+t9ATHAHaMlf9zuTWorEnIXY4DAmGO7ggBjw4+1XIOjhpLeIjyJdcvUK6Yz/UVM6Q==
  dependencies:
    "@material/base" "^0.41.0"
    "@material/ripple" "^0.44.0"
    "@material/theme" "^0.43.0"

"@material/icon-toggle@^0.44.0":
  version "0.44.0"
  resolved "https://registry.yarnpkg.com/@material/icon-toggle/-/icon-toggle-0.44.0.tgz#b9de32f194b5aa9721ca799d59be0f477a5c5305"
  integrity sha512-8T1b4iK61/q/3U0iIjEDJ9do5viCQ45IbrQqa8EYCZ1KDU/Q8z5N+bvOzQK8XnTL51BdDRMgP9lfQZh6nszmkA==
  dependencies:
    "@material/animation" "^0.41.0"
    "@material/base" "^0.41.0"
    "@material/ripple" "^0.44.0"
    "@material/theme" "^0.43.0"

"@material/image-list@^0.44.0":
  version "0.44.0"
  resolved "https://registry.yarnpkg.com/@material/image-list/-/image-list-0.44.0.tgz#a27996962044ac8c9ce6cb509f63746f08ed2e98"
  integrity sha512-kI9aKJdc1Bd02l8nRTGG1wy/lNkECScfnBmCiLQ3XjAFtRYd2eWO0Z/AVvUG3egsIZnZBxqFGGsf5Htm9E/HiQ==
  dependencies:
    "@material/shape" "^0.43.0"
    "@material/theme" "^0.43.0"
    "@material/typography" "^0.44.0"

"@material/layout-grid@^0.41.0":
  version "0.41.0"
  resolved "https://registry.yarnpkg.com/@material/layout-grid/-/layout-grid-0.41.0.tgz#2e7d3be76313e0684d573b10c2c6a88b3230d251"
  integrity sha512-Sa5RNoTGgfIojqJ9E94p7/k11V6q/tGk7HwKi4AQNAPjxield0zcl3G/SbsSb8YSHoK+D+7OXDN+n11x6EqF7g==

"@material/line-ripple@^0.43.0":
  version "0.43.0"
  resolved "https://registry.yarnpkg.com/@material/line-ripple/-/line-ripple-0.43.0.tgz#6cb530bab53f055f3583646a21ad20c1703f3a83"
  integrity sha512-sXZYW4Em5uLEnAuVsQCO+sVHsTg7J2TOTJ0+akwZFMmd2tmNicjarQdlGIE9iU7Wjm51NOoLAu6Mz+8kLg90bQ==
  dependencies:
    "@material/animation" "^0.41.0"
    "@material/base" "^0.41.0"
    "@material/theme" "^0.43.0"

"@material/linear-progress@^0.43.0":
  version "0.43.0"
  resolved "https://registry.yarnpkg.com/@material/linear-progress/-/linear-progress-0.43.0.tgz#4821424aa24c78de256e74a91d5be3df55c534d9"
  integrity sha512-bqkDcob+xp1mFkyBsOkoaLgrtapmz7jznGoI3nmkqyk75EB2XQcn1H8Vr6cnp/jkF4nbKu0GdVJO3VXUFmGmrQ==
  dependencies:
    "@material/animation" "^0.41.0"
    "@material/base" "^0.41.0"
    "@material/theme" "^0.43.0"

"@material/list@^0.44.0":
  version "0.44.0"
  resolved "https://registry.yarnpkg.com/@material/list/-/list-0.44.0.tgz#cf1910e15b66759334b8618d1110fbcc72c3d326"
  integrity sha512-35gkN1+XZaau9d9ngyN2x14bzkj/ajZCDm7mbWibDQy272A16j6KuFLQFA8RUQV04OgL4YPVxY87dpCn/p+uTg==
  dependencies:
    "@material/base" "^0.41.0"
    "@material/dom" "^0.41.0"
    "@material/ripple" "^0.44.0"
    "@material/rtl" "^0.42.0"
    "@material/shape" "^0.43.0"
    "@material/theme" "^0.43.0"
    "@material/typography" "^0.44.0"

"@material/menu-surface@^0.44.0":
  version "0.44.0"
  resolved "https://registry.yarnpkg.com/@material/menu-surface/-/menu-surface-0.44.0.tgz#902c081df42859b925a5b4502791b3febf48f1ae"
  integrity sha512-s49kvIlQ4H5wvMD4yeHMMqnamPod06IUagMK6Ry0oTpUANSnyeNXxa3HkScl7DMJiS8IJeV21fSLAzlZYP2PDQ==
  dependencies:
    "@material/animation" "^0.41.0"
    "@material/base" "^0.41.0"
    "@material/elevation" "^0.44.0"
    "@material/rtl" "^0.42.0"
    "@material/shape" "^0.43.0"
    "@material/theme" "^0.43.0"

"@material/menu@^0.44.0":
  version "0.44.0"
  resolved "https://registry.yarnpkg.com/@material/menu/-/menu-0.44.0.tgz#776ec8a04406266a0a0a13eb140b1fd691e442cb"
  integrity sha512-92XvAcv9rBW1jQ3UvwJ8zk9hbSRe/FqSuFdZ9fNPE348dCY2pbcdQfnUJTe3ycAN/I1c5frkrhx8F0II+nfbNQ==
  dependencies:
    "@material/base" "^0.41.0"
    "@material/list" "^0.44.0"
    "@material/menu-surface" "^0.44.0"
    "@material/ripple" "^0.44.0"
    "@material/rtl" "^0.42.0"

"@material/notched-outline@^0.44.0":
  version "0.44.0"
  resolved "https://registry.yarnpkg.com/@material/notched-outline/-/notched-outline-0.44.0.tgz#d5a2e1d649921575a7cd2e88ee4581e4a1809573"
  integrity sha512-c3nqOqUQAmW3h4zBbZVbMRdf4nNTYm0tVwXIAwmcCs5nvAthEHnzHwwFddNP7/9Wju6LZ0uqWn6xlyKly0uipw==
  dependencies:
    "@material/animation" "^0.41.0"
    "@material/base" "^0.41.0"
    "@material/floating-label" "^0.44.0"
    "@material/rtl" "^0.42.0"
    "@material/shape" "^0.43.0"
    "@material/theme" "^0.43.0"

"@material/notched-outline@^0.44.1":
  version "0.44.1"
  resolved "https://registry.yarnpkg.com/@material/notched-outline/-/notched-outline-0.44.1.tgz#dba4812286ba4c20f0361e6040bf9b9cad307434"
  integrity sha512-x1ZJtrrqZgXT8gYE7aRF+6hTWpX7XaKZzsuwD+e0HBsogYNNsYmkBdLjl4YwhhFuHhX8vWzgkay41GtbgQx84Q==
  dependencies:
    "@material/animation" "^0.41.0"
    "@material/base" "^0.41.0"
    "@material/floating-label" "^0.44.1"
    "@material/rtl" "^0.42.0"
    "@material/shape" "^0.44.1"
    "@material/theme" "^0.43.0"

"@material/radio@^0.44.0":
  version "0.44.0"
  resolved "https://registry.yarnpkg.com/@material/radio/-/radio-0.44.0.tgz#f4cacdfabc7d765aa000cb34c5a37966f6d4fd6d"
  integrity sha512-ar7uhlfHuSwM9JUUjpv7pLDLE0p436cCMxNTpmMjWabfvo3pMWlExvk72Oj81tBgfxY/uASLB3oj4neudXu9JQ==
  dependencies:
    "@material/animation" "^0.41.0"
    "@material/base" "^0.41.0"
    "@material/ripple" "^0.44.0"
    "@material/selection-control" "^0.44.0"
    "@material/theme" "^0.43.0"

"@material/ripple@^0.44.0":
  version "0.44.0"
  resolved "https://registry.yarnpkg.com/@material/ripple/-/ripple-0.44.0.tgz#98920ff8ec4bf5714c97df3d190f02f8a5b476cc"
  integrity sha512-MlaW4nUDgzS0JOBfsUawXyTOilr0jn+xvTVn6PEaGh2rmhNA54AhixXvdsVUWE9lfmHAsZV0AJHz2z7nunNhbQ==
  dependencies:
    "@material/animation" "^0.41.0"
    "@material/base" "^0.41.0"
    "@material/feature-targeting" "^0.44.0"
    "@material/theme" "^0.43.0"

"@material/ripple@^0.44.1":
  version "0.44.1"
  resolved "https://registry.yarnpkg.com/@material/ripple/-/ripple-0.44.1.tgz#79cb2ddf1f998498d877d3e3c46b50fed6f13b01"
  integrity sha512-prJ1p3bR+GvwAtJgtdeIixsnRVApN3bizGnX7upKoqxsqbBDHj84JxaO8EsG9bjruG/LJu8Fb6WKKdIp2oXHTA==
  dependencies:
    "@material/animation" "^0.41.0"
    "@material/base" "^0.41.0"
    "@material/feature-targeting" "^0.44.1"
    "@material/theme" "^0.43.0"

"@material/rtl@^0.42.0":
  version "0.42.0"
  resolved "https://registry.yarnpkg.com/@material/rtl/-/rtl-0.42.0.tgz#1836e78186c2d8b996f6fbf97adab203535335bc"
  integrity sha512-VrnrKJzhmspsN8WXHuxxBZ69yM5IwhCUqWr1t1eNfw3ZEvEj7i1g3P31HGowKThIN1dc1Wh4LE14rCISWCtv5w==

"@material/select@^0.44.0":
  version "0.44.0"
  resolved "https://registry.yarnpkg.com/@material/select/-/select-0.44.0.tgz#8041b4fe6247d013b0f12685fbdf50aa9ff57b35"
  integrity sha512-tw3/QIBLuRCT+5IXx4IPiJk7FzeGeR65JEizdRUItH8yzoIiQLs/b2i3KtHM2YBXHgeUcEBF2AOqPX2opdYhug==
  dependencies:
    "@material/animation" "^0.41.0"
    "@material/base" "^0.41.0"
    "@material/floating-label" "^0.44.0"
    "@material/line-ripple" "^0.43.0"
    "@material/menu" "^0.44.0"
    "@material/menu-surface" "^0.44.0"
    "@material/notched-outline" "^0.44.0"
    "@material/ripple" "^0.44.0"
    "@material/rtl" "^0.42.0"
    "@material/shape" "^0.43.0"
    "@material/theme" "^0.43.0"
    "@material/typography" "^0.44.0"

"@material/selection-control@^0.44.0":
  version "0.44.0"
  resolved "https://registry.yarnpkg.com/@material/selection-control/-/selection-control-0.44.0.tgz#63d5c65a47a9f54f5a0316b5ecdb5e5f35108609"
  integrity sha512-HgCAPnMVMEj4X4ILkFSifqtZ3Tcc5HkU+Lfk9g0807sCaN/qBKWkYKLH2WJUbW8uk+MXK7DgP1khtS5zzanJWA==
  dependencies:
    "@material/ripple" "^0.44.0"

"@material/selection-control@^0.44.1":
  version "0.44.1"
  resolved "https://registry.yarnpkg.com/@material/selection-control/-/selection-control-0.44.1.tgz#77a47354a4c5128fa34e3ba98d9cc26e8a92839a"
  integrity sha512-Xf1ee2ZV2XJ+rK8OcOD1DZOihfU0uVRdY6iYX/Bqi8k8RXnAbLIBoh6zG3xSwjRNODNvAyHEQaS/ozEfH8eehg==
  dependencies:
    "@material/ripple" "^0.44.1"

"@material/shape@^0.43.0":
  version "0.43.0"
  resolved "https://registry.yarnpkg.com/@material/shape/-/shape-0.43.0.tgz#b877acfd8be8abc9ddcf6601eb60dd0588292415"
  integrity sha512-KGnoQV4G2OQbMe5Lr5Xbk8XNlO93Qi/juxXtd2wrAfiaPmktD8ug0CwdVDOPBOmj9a0gX3Ofi9XWcoU+tLEVjg==

"@material/shape@^0.44.1":
  version "0.44.1"
  resolved "https://registry.yarnpkg.com/@material/shape/-/shape-0.44.1.tgz#ff4d5d42b07c5781306677bffee43234b756ea8e"
  integrity sha512-8mCDQmyTEhDK+HX8Tap2Lc82QlVySlXU8zDCNkWoIn1ge+UnRezSDjE4y4P1ABegN5PrkJZPartuQ1U0ttIYXw==
  dependencies:
    "@material/feature-targeting" "^0.44.1"

"@material/slider@^0.44.0":
  version "0.44.0"
  resolved "https://registry.yarnpkg.com/@material/slider/-/slider-0.44.0.tgz#2055df894eb725e541cde50a544719c07934755b"
  integrity sha512-Lnn2fdUesXX4O0UpJzveEuOj+og+dXCwhal73u3l3NXEdc/eRgYxwWdF3ww4MmCZ786EwUmjb4vIc9olN4DO3A==
  dependencies:
    "@material/animation" "^0.41.0"
    "@material/base" "^0.41.0"
    "@material/rtl" "^0.42.0"
    "@material/theme" "^0.43.0"
    "@material/typography" "^0.44.0"

"@material/snackbar@^0.44.0":
  version "0.44.0"
  resolved "https://registry.yarnpkg.com/@material/snackbar/-/snackbar-0.44.0.tgz#d98672b849f5f295e4fac2d474a9c80f11945518"
  integrity sha512-KhCrmJm8Zu/ZZPuRCGfMKsZ0vudINlNgTjlOau0kQ/UgR1xBUvLOE8NjyXZr0RQz5obyW7xpyIWIpscn0IUeyw==
  dependencies:
    "@material/animation" "^0.41.0"
    "@material/base" "^0.41.0"
    "@material/button" "^0.44.0"
    "@material/dom" "^0.41.0"
    "@material/icon-button" "^0.44.0"
    "@material/ripple" "^0.44.0"
    "@material/rtl" "^0.42.0"
    "@material/shape" "^0.43.0"
    "@material/theme" "^0.43.0"
    "@material/typography" "^0.44.0"

"@material/switch@^0.44.0":
  version "0.44.0"
  resolved "https://registry.yarnpkg.com/@material/switch/-/switch-0.44.0.tgz#f2cbb447437b12eb3bc7f0ec8318dbd3b4f0afce"
  integrity sha512-EadCg6lHUF260R2Q/l++vXIITqacvbXlobSoewA5ib6y9BU2g7l13wL1W8xAVJNUMgFa/PyN+EKT3oCql7jZLg==
  dependencies:
    "@material/animation" "^0.41.0"
    "@material/base" "^0.41.0"
    "@material/elevation" "^0.44.0"
    "@material/ripple" "^0.44.0"
    "@material/rtl" "^0.42.0"
    "@material/selection-control" "^0.44.0"
    "@material/theme" "^0.43.0"

"@material/tab-bar@^0.44.0":
  version "0.44.0"
  resolved "https://registry.yarnpkg.com/@material/tab-bar/-/tab-bar-0.44.0.tgz#b17d791bd557b1d84892fef1a1d8b8d6fef7c6d6"
  integrity sha512-kCrt05d61YXyY43SNc0dPGuqysbcLr/KRDBvzpXgE4gv2jCCVhhjAH10KPlx8pthp/UtvrYJHb34acAKEGzdHA==
  dependencies:
    "@material/base" "^0.41.0"
    "@material/elevation" "^0.44.0"
    "@material/tab" "^0.44.0"
    "@material/tab-scroller" "^0.44.0"

"@material/tab-indicator@^0.43.0":
  version "0.43.0"
  resolved "https://registry.yarnpkg.com/@material/tab-indicator/-/tab-indicator-0.43.0.tgz#37fd05513ba55ae218d9068c986c2676096fd6eb"
  integrity sha512-RMNMQpWYghWpM6d0ayfuHEPzTiebKG0bMthViiD6tly8PubmOT8mShNhPm8ihybhDPUOLSz+7V4QNE5wikLEYg==
  dependencies:
    "@material/animation" "^0.41.0"
    "@material/base" "^0.41.0"
    "@material/theme" "^0.43.0"

"@material/tab-scroller@^0.44.0":
  version "0.44.0"
  resolved "https://registry.yarnpkg.com/@material/tab-scroller/-/tab-scroller-0.44.0.tgz#82d092ed45d2ee9d82038bed318e6ff6bdc36dad"
  integrity sha512-Ufd3NWBN11kY2oA7bGmTYWGP1uz2mq0tfDM0JOiqoLMgD7y3Z18kmxnpq2qkg1vi4kvix28hBYGGMfLlq9rGDA==
  dependencies:
    "@material/animation" "^0.41.0"
    "@material/base" "^0.41.0"
    "@material/tab" "^0.44.0"

"@material/tab@^0.44.0":
  version "0.44.0"
  resolved "https://registry.yarnpkg.com/@material/tab/-/tab-0.44.0.tgz#254b92cff99015f0bd59a86d08d3f1c4744d0742"
  integrity sha512-czrbGjtKkmUS3iYBX523xT5GOkjP0h+0x9fTnw+heFNpw5dCn6cZvlj3D9ayZU+ZH93x68TFhFVBuLU5f0EBXw==
  dependencies:
    "@material/base" "^0.41.0"
    "@material/ripple" "^0.44.0"
    "@material/rtl" "^0.42.0"
    "@material/tab-indicator" "^0.43.0"
    "@material/theme" "^0.43.0"
    "@material/typography" "^0.44.0"

"@material/textfield@^0.44.0":
  version "0.44.0"
  resolved "https://registry.yarnpkg.com/@material/textfield/-/textfield-0.44.0.tgz#277b33948ddff33f7f643323895e5a683f013601"
  integrity sha512-IMBwMcE82eVU+Wifpu0t84tozvBPLCeqQELDtZNYujKg3RxaultzJLwIyGKPMZ9R4yPEpV2vgXPGKE+2/AWt0g==
  dependencies:
    "@material/animation" "^0.41.0"
    "@material/base" "^0.41.0"
    "@material/floating-label" "^0.44.0"
    "@material/line-ripple" "^0.43.0"
    "@material/notched-outline" "^0.44.0"
    "@material/ripple" "^0.44.0"
    "@material/rtl" "^0.42.0"
    "@material/shape" "^0.43.0"
    "@material/theme" "^0.43.0"
    "@material/typography" "^0.44.0"

"@material/textfield@^0.44.1":
  version "0.44.1"
  resolved "https://registry.yarnpkg.com/@material/textfield/-/textfield-0.44.1.tgz#2bba41cc94e68e328683997a1acf222b643dea9c"
  integrity sha512-zy+56+uqr+L9DGrdOfQjOIMdKlai/7ruyqVfqIY6ieABM7LEGsOsxHhyExQmXo9IiuFhrOceWKFa4yIb8jBsmQ==
  dependencies:
    "@material/animation" "^0.41.0"
    "@material/base" "^0.41.0"
    "@material/floating-label" "^0.44.1"
    "@material/line-ripple" "^0.43.0"
    "@material/notched-outline" "^0.44.1"
    "@material/ripple" "^0.44.1"
    "@material/rtl" "^0.42.0"
    "@material/shape" "^0.44.1"
    "@material/theme" "^0.43.0"
    "@material/typography" "^0.44.1"

"@material/theme@^0.43.0":
  version "0.43.0"
  resolved "https://registry.yarnpkg.com/@material/theme/-/theme-0.43.0.tgz#6d9fa113c82e841817882172c152d60d2d203ca6"
  integrity sha512-/zndZL6EihI18v2mYd4O8xvOBAAXmLeHyHVK28LozSAaJ9okQgD25wq5Ktk95oMTmPIC+rH66KcK6371ivNk8g==

"@material/toolbar@^0.44.0":
  version "0.44.0"
  resolved "https://registry.yarnpkg.com/@material/toolbar/-/toolbar-0.44.0.tgz#6689aecdeccc78b7a890a3abbe8b68a2c6339307"
  integrity sha512-YgLlOFQ5VzFLQBpXYSMviEbYox0fia+sasHuYPUhTAtas1ExVt9EEiIolDSVvhv2PruTReKKefxSbXAqGlOHog==
  dependencies:
    "@material/base" "^0.41.0"
    "@material/elevation" "^0.44.0"
    "@material/ripple" "^0.44.0"
    "@material/rtl" "^0.42.0"
    "@material/theme" "^0.43.0"
    "@material/typography" "^0.44.0"

"@material/top-app-bar@^0.44.0":
  version "0.44.0"
  resolved "https://registry.yarnpkg.com/@material/top-app-bar/-/top-app-bar-0.44.0.tgz#2495c7f9567568fb961ccced24f479c4806a72af"
  integrity sha512-tf0yXQJARYs8UPaH8oo3LnsSHEiur7Zm8Fc3hv3F0gNRRaZYBjwsMQMVbZZaWoQCWskMALyntBg+Fo18zdgDxw==
  dependencies:
    "@material/animation" "^0.41.0"
    "@material/base" "^0.41.0"
    "@material/elevation" "^0.44.0"
    "@material/ripple" "^0.44.0"
    "@material/rtl" "^0.42.0"
    "@material/shape" "^0.43.0"
    "@material/theme" "^0.43.0"
    "@material/typography" "^0.44.0"

"@material/typography@^0.44.0":
  version "0.44.0"
  resolved "https://registry.yarnpkg.com/@material/typography/-/typography-0.44.0.tgz#cf61dce2ee89bfa084d86e1b0f270a585bf9dfaf"
  integrity sha512-m4SjA9OjZRDKowN3cPzEa8e2GlTlEn3ZmW/Fy9eRNSp83iY+8a0xl6kCaF80v5qAVwVcpfEFyEHWxMJtkBw2uA==

"@material/typography@^0.44.1":
  version "0.44.1"
  resolved "https://registry.yarnpkg.com/@material/typography/-/typography-0.44.1.tgz#a94f01172f9122180bc2ce0aa55658183a35590d"
  integrity sha512-wMXHusg+Lp5Fdgoj3m0c+Lt6GCeGSh3EPRtQ1TQ2bwdBa0et2FqBaQRgXoq3tVmr0O/7unTfa0DoXlh4nVp1wA==
  dependencies:
    "@material/feature-targeting" "^0.44.1"

focus-trap@^4.0.2:
  version "4.0.2"
  resolved "https://registry.yarnpkg.com/focus-trap/-/focus-trap-4.0.2.tgz#4ee2b96547c9ea0e4252a2d4b2cca68944194663"
  integrity sha512-HtLjfAK7Hp2qbBtLS6wEznID1mPT+48ZnP2nkHzgjpL4kroYHg0CdqJ5cTXk+UO5znAxF5fRUkhdyfgrhh8Lzw==
  dependencies:
    tabbable "^3.1.2"
    xtend "^4.0.1"

material-components-web@^0.44.0:
  version "0.44.0"
  resolved "https://registry.yarnpkg.com/material-components-web/-/material-components-web-0.44.0.tgz#ff782e8d7bdd8212d3c6022a731258d0d42da531"
  integrity sha512-BSRLf58SMVhAvlDhJDlcgYuvzeMwbMHKTJ7oIB8LaM24ZpXBxP9XCYJpKheMtiVLrgllCGDlJ/47OIDReHQXdQ==
  dependencies:
    "@material/animation" "^0.41.0"
    "@material/auto-init" "^0.41.0"
    "@material/base" "^0.41.0"
    "@material/button" "^0.44.0"
    "@material/card" "^0.44.0"
    "@material/checkbox" "^0.44.0"
    "@material/chips" "^0.44.0"
    "@material/dialog" "^0.44.0"
    "@material/dom" "^0.41.0"
    "@material/drawer" "^0.44.0"
    "@material/elevation" "^0.44.0"
    "@material/fab" "^0.44.0"
    "@material/feature-targeting" "^0.44.0"
    "@material/floating-label" "^0.44.0"
    "@material/form-field" "^0.44.0"
    "@material/grid-list" "^0.44.0"
    "@material/icon-button" "^0.44.0"
    "@material/icon-toggle" "^0.44.0"
    "@material/image-list" "^0.44.0"
    "@material/layout-grid" "^0.41.0"
    "@material/line-ripple" "^0.43.0"
    "@material/linear-progress" "^0.43.0"
    "@material/list" "^0.44.0"
    "@material/menu" "^0.44.0"
    "@material/menu-surface" "^0.44.0"
    "@material/notched-outline" "^0.44.0"
    "@material/radio" "^0.44.0"
    "@material/ripple" "^0.44.0"
    "@material/rtl" "^0.42.0"
    "@material/select" "^0.44.0"
    "@material/selection-control" "^0.44.0"
    "@material/shape" "^0.43.0"
    "@material/slider" "^0.44.0"
    "@material/snackbar" "^0.44.0"
    "@material/switch" "^0.44.0"
    "@material/tab" "^0.44.0"
    "@material/tab-bar" "^0.44.0"
    "@material/tab-indicator" "^0.43.0"
    "@material/tab-scroller" "^0.44.0"
    "@material/textfield" "^0.44.0"
    "@material/theme" "^0.43.0"
    "@material/toolbar" "^0.44.0"
    "@material/top-app-bar" "^0.44.0"
    "@material/typography" "^0.44.0"

tabbable@^3.1.2:
  version "3.1.2"
  resolved "https://registry.yarnpkg.com/tabbable/-/tabbable-3.1.2.tgz#f2d16cccd01f400e38635c7181adfe0ad965a4a2"
  integrity sha512-wjB6puVXTYO0BSFtCmWQubA/KIn7Xvajw0x0l6eJUudMG/EAiJvIUnyNX6xO4NpGrJ16lbD0eUseB9WxW0vlpQ==

xtend@^4.0.1:
  version "4.0.1"
  resolved "https://registry.yarnpkg.com/xtend/-/xtend-4.0.1.tgz#a5c6d532be656e23db820efb943a1f04998d63af"
  integrity sha1-pcbVMr5lbiPbgg77lDofBJmNY68=
