# THIS IS AN AUTOGENERATED FILE. DO NOT EDIT THIS FILE DIRECTLY.
# yarn lockfile v1


"@material/animation@^0.41.0":
  version "0.41.0"
  resolved "https://registry.yarnpkg.com/@material/animation/-/animation-0.41.0.tgz#315b45b32e1aeebee8a4cf555b8ad52076d09ddd"
  integrity sha512-yYAwJbX3Q2AFd4dr6IYOsWLQy2HN8zWOFVl9AbUXunjzTfJCa/ecfXCriaT6qkmoNoHeTdJHRrsQJZC5GsPvzA==

"@material/auto-init@^0.41.0":
  version "0.41.0"
  resolved "https://registry.yarnpkg.com/@material/auto-init/-/auto-init-0.41.0.tgz#8a59bb0b83e0f51ead9508074f9a29b2b6a20eec"
  integrity sha512-jp6L8MpYu7DudgDfA8iTyD9BwQrYPEDsIJGbqzN9vcCBl5FoBatkB8pcFXKr+1mRBk7T1Qmf6+H5nDtxyXjHEQ==

"@material/base@^0.41.0":
  version "0.41.0"
  resolved "https://registry.yarnpkg.com/@material/base/-/base-0.41.0.tgz#badadce711b4c25b1eb889a5e7581e32cd07c421"
  integrity sha512-tEyzwBRu3d1H120SfKsDVYZHcqT5lKohh/7cWKR93aAaPDkSvjpKJIjyu2yuSkjpDduVZGzVocYbOvhUKhhzXQ==

"@material/button@^0.44.1":
  version "0.44.1"
  resolved "https://registry.yarnpkg.com/@material/button/-/button-0.44.1.tgz#2a0bc0e6961128ace81e050770695c4aaad7f3bd"
  integrity sha512-+eI0nI2zkxZOanPfeWzZPoQDbv2NqgUhUhPxERKoXEqkyJIne7gWRYMHqHjKPctsD2xmzgqGmGCLcrvhgFZ+FQ==
  dependencies:
    "@material/elevation" "^0.44.1"
    "@material/feature-targeting" "^0.44.1"
    "@material/ripple" "^0.44.1"
    "@material/rtl" "^0.42.0"
    "@material/shape" "^0.44.1"
    "@material/theme" "^0.43.0"
    "@material/typography" "^0.44.1"

"@material/card@^0.44.1":
  version "0.44.1"
  resolved "https://registry.yarnpkg.com/@material/card/-/card-0.44.1.tgz#e72efba79e716143d530c75ecf18216aaa3c7499"
  integrity sha512-SNun2DrzYMXTRfGUSTKkKRCO+2MIuRd+2j3FhjyBUDCaPDoqaHbDIK75vTSXlsE/xCXuJ4Uv4M/w0XS7RRHM0g==
  dependencies:
    "@material/elevation" "^0.44.1"
    "@material/feature-targeting" "^0.44.1"
    "@material/ripple" "^0.44.1"
    "@material/rtl" "^0.42.0"
    "@material/shape" "^0.44.1"
    "@material/theme" "^0.43.0"

"@material/checkbox@^0.44.1":
  version "0.44.1"
  resolved "https://registry.yarnpkg.com/@material/checkbox/-/checkbox-0.44.1.tgz#7e69271ccab7c57914a475da3a15d4d36702c1c4"
  integrity sha512-RFUNc+9RKRozL+gXfJ8V57tXfC31Q9R9tRMTHpe62NXZriTrwNJDnSkFIERDXqtMGtkKUnIlPfPE5znF6XyPUw==
  dependencies:
    "@material/animation" "^0.41.0"
    "@material/base" "^0.41.0"
    "@material/feature-targeting" "^0.44.1"
    "@material/ripple" "^0.44.1"
    "@material/rtl" "^0.42.0"
    "@material/selection-control" "^0.44.1"
    "@material/theme" "^0.43.0"

"@material/chips@^0.44.1":
  version "0.44.1"
  resolved "https://registry.yarnpkg.com/@material/chips/-/chips-0.44.1.tgz#610186ee6790cf31bd61ad78e4c6d4c05150b31f"
  integrity sha512-vg9OnAll68uWT4cJewa9yXU9T2gxoN4oYSALhxphlkhHZG0EXDZJ93mqa5BMVSn1nv3dCL1nvVnV3Br5BeTNdQ==
  dependencies:
    "@material/animation" "^0.41.0"
    "@material/base" "^0.41.0"
    "@material/checkbox" "^0.44.1"
    "@material/elevation" "^0.44.1"
    "@material/ripple" "^0.44.1"
    "@material/shape" "^0.44.1"
    "@material/theme" "^0.43.0"
    "@material/typography" "^0.44.1"

"@material/dialog@^0.44.1":
  version "0.44.1"
  resolved "https://registry.yarnpkg.com/@material/dialog/-/dialog-0.44.1.tgz#2286ab17d1f3b902493c9733ba9d715d250bc812"
  integrity sha512-JNYUFPyyYJqbufqwSY8+Sl9hiBTRrmUFUC1vUrUa5XqiDlHsalYHFxKDeNZUyEIm0M1+7eL3FKyJwyAz1bPc9A==
  dependencies:
    "@material/animation" "^0.41.0"
    "@material/base" "^0.41.0"
    "@material/dom" "^0.41.0"
    "@material/elevation" "^0.44.1"
    "@material/ripple" "^0.44.1"
    "@material/rtl" "^0.42.0"
    "@material/shape" "^0.44.1"
    "@material/theme" "^0.43.0"
    "@material/typography" "^0.44.1"
    focus-trap "^4.0.2"

"@material/dom@^0.41.0":
  version "0.41.0"
  resolved "https://registry.yarnpkg.com/@material/dom/-/dom-0.41.0.tgz#6756865f97bad4c91ee75e69d769d7cdc25398ae"
  integrity sha512-wOJrMwjPddYXpQFZAIaCLWI3TO/6KU1lxESTBzunni8A4FHQVWhokml5Xt85GqZwmPFeIF2s+D0wfbWyrGBuKQ==

"@material/drawer@^0.44.1":
  version "0.44.1"
  resolved "https://registry.yarnpkg.com/@material/drawer/-/drawer-0.44.1.tgz#8a225afe8f7fce21244add2206b4b5028e7241c2"
  integrity sha512-MPPKFVUC5gFeIKAbbU0fb2wcPXBXt85MGkMkv1utyH5iq2dFwYUnk2OliBtDO/5Ds+diymfp1iD+Lz416A36fA==
  dependencies:
    "@material/animation" "^0.41.0"
    "@material/base" "^0.41.0"
    "@material/elevation" "^0.44.1"
    "@material/list" "^0.44.1"
    "@material/ripple" "^0.44.1"
    "@material/rtl" "^0.42.0"
    "@material/shape" "^0.44.1"
    "@material/theme" "^0.43.0"
    "@material/typography" "^0.44.1"
    focus-trap "^4.0.2"

"@material/elevation@^0.44.1":
  version "0.44.1"
  resolved "https://registry.yarnpkg.com/@material/elevation/-/elevation-0.44.1.tgz#19efa293e195b00141711899e3c3fde6a3670454"
  integrity sha512-Gr2x/FHysM4ty7sctLPT48pw7YItLZvhXsB4ZzXpdhuy7QshxllBW9NGlAMffzrmNu16MTl3ouGzbhArUYz4jw==
  dependencies:
    "@material/animation" "^0.41.0"
    "@material/feature-targeting" "^0.44.1"
    "@material/theme" "^0.43.0"

"@material/fab@^0.44.1":
  version "0.44.1"
  resolved "https://registry.yarnpkg.com/@material/fab/-/fab-0.44.1.tgz#40f8152b4eff94995a927514563b109f9f432a7d"
  integrity sha512-EoqtNkLOjJEYAPp01kfmnpFKoo6NTGZiMiXXCNRWyus5tslXFI6FE05ph/S+g0PlAiivZzZO0YcXtZBv1WXPgQ==
  dependencies:
    "@material/animation" "^0.41.0"
    "@material/elevation" "^0.44.1"
    "@material/ripple" "^0.44.1"
    "@material/rtl" "^0.42.0"
    "@material/shape" "^0.44.1"
    "@material/theme" "^0.43.0"
    "@material/typography" "^0.44.1"

"@material/feature-targeting@^0.44.1":
  version "0.44.1"
  resolved "https://registry.yarnpkg.com/@material/feature-targeting/-/feature-targeting-0.44.1.tgz#afafc80294e5efab94bee31a187273d43d34979a"
  integrity sha512-90cc7njn4aHbH9UxY8qgZth1W5JgOgcEdWdubH1t7sFkwqFxS5g3zgxSBt46TygFBVIXNZNq35Xmg80wgqO7Pg==

"@material/floating-label@^0.44.1":
  version "0.44.1"
  resolved "https://registry.yarnpkg.com/@material/floating-label/-/floating-label-0.44.1.tgz#39af84a3a0abbfa6d210911d5f4200a65c2ef59b"
  integrity sha512-umj5q5feJcZuB8snRX5aVBrwQNnrt/HcvN7pENzgqaYZNcmBnxRl0OutTlHCn6l7OVU9VlWhFMf77DYwmMWKJQ==
  dependencies:
    "@material/animation" "^0.41.0"
    "@material/base" "^0.41.0"
    "@material/rtl" "^0.42.0"
    "@material/theme" "^0.43.0"
    "@material/typography" "^0.44.1"

"@material/form-field@^0.44.1":
  version "0.44.1"
  resolved "https://registry.yarnpkg.com/@material/form-field/-/form-field-0.44.1.tgz#f6ae8245c3a60eacae35067bc8fcaad753801e19"
  integrity sha512-ZLhhG6gnUbfp9jtl6ssQVdTUqOVpbhlTxgDS/aMmvR9K+p05u1TiJmUlZ3Aj/MuSg9XlAh7U7hR5tIvjP9BUmw==
  dependencies:
    "@material/base" "^0.41.0"
    "@material/rtl" "^0.42.0"
    "@material/selection-control" "^0.44.1"
    "@material/theme" "^0.43.0"
    "@material/typography" "^0.44.1"

"@material/grid-list@^0.44.1":
  version "0.44.1"
  resolved "https://registry.yarnpkg.com/@material/grid-list/-/grid-list-0.44.1.tgz#098699f8938cb8ceb7081d8637f4a4810f9af556"
  integrity sha512-4q6b33YnqjoxKhde697srXD0vtDgdaJdKnXXugngOkriIiW+OYvX39/BoFrnIFiy0Cbo8roJXE3Mcl0gFFo0gQ==
  dependencies:
    "@material/base" "^0.41.0"
    "@material/rtl" "^0.42.0"
    "@material/theme" "^0.43.0"
    "@material/typography" "^0.44.1"

"@material/icon-button@^0.44.1":
  version "0.44.1"
  resolved "https://registry.yarnpkg.com/@material/icon-button/-/icon-button-0.44.1.tgz#28935c16edef62c0f77fcc1195707c55331a5d0f"
  integrity sha512-46fLWwqLjer3w1h1HvfNsVuBmNwg+rFbIrLBzUXSb9iM6YlunjBNwPZI5KTmVpt04GkzVI2h4o2ej8dOdvQWOg==
  dependencies:
    "@material/base" "^0.41.0"
    "@material/ripple" "^0.44.1"
    "@material/theme" "^0.43.0"

"@material/icon-toggle@^0.44.1":
  version "0.44.1"
  resolved "https://registry.yarnpkg.com/@material/icon-toggle/-/icon-toggle-0.44.1.tgz#a27905e2cea75533c2528c8ee03b0263fc21faf1"
  integrity sha512-p6e7xSiqKLRrijAk07Ikiy8KzTD87yk4ro2bT+pkEoVMFPQPjUI7LUWzG1uJlrXtgA7UbKWyhBdqNKg/6blzZg==
  dependencies:
    "@material/animation" "^0.41.0"
    "@material/base" "^0.41.0"
    "@material/ripple" "^0.44.1"
    "@material/theme" "^0.43.0"

"@material/image-list@^0.44.1":
  version "0.44.1"
  resolved "https://registry.yarnpkg.com/@material/image-list/-/image-list-0.44.1.tgz#71ad0689d3e6bedbe7d4abe9a2cc30d388f6c309"
  integrity sha512-FdI1kw3qy4m2YMG2p360SeX9ZvBpDtyrhQp0WwZC1nNBgEOtBIGGxW3WVWY6xrt13jHt4oWQCp+NQzXqw7Ojaw==
  dependencies:
    "@material/shape" "^0.44.1"
    "@material/theme" "^0.43.0"
    "@material/typography" "^0.44.1"

"@material/layout-grid@^0.41.0":
  version "0.41.0"
  resolved "https://registry.yarnpkg.com/@material/layout-grid/-/layout-grid-0.41.0.tgz#2e7d3be76313e0684d573b10c2c6a88b3230d251"
  integrity sha512-Sa5RNoTGgfIojqJ9E94p7/k11V6q/tGk7HwKi4AQNAPjxield0zcl3G/SbsSb8YSHoK+D+7OXDN+n11x6EqF7g==

"@material/line-ripple@^0.43.0":
  version "0.43.0"
  resolved "https://registry.yarnpkg.com/@material/line-ripple/-/line-ripple-0.43.0.tgz#6cb530bab53f055f3583646a21ad20c1703f3a83"
  integrity sha512-sXZYW4Em5uLEnAuVsQCO+sVHsTg7J2TOTJ0+akwZFMmd2tmNicjarQdlGIE9iU7Wjm51NOoLAu6Mz+8kLg90bQ==
  dependencies:
    "@material/animation" "^0.41.0"
    "@material/base" "^0.41.0"
    "@material/theme" "^0.43.0"

"@material/linear-progress@^0.43.0":
  version "0.43.0"
  resolved "https://registry.yarnpkg.com/@material/linear-progress/-/linear-progress-0.43.0.tgz#4821424aa24c78de256e74a91d5be3df55c534d9"
  integrity sha512-bqkDcob+xp1mFkyBsOkoaLgrtapmz7jznGoI3nmkqyk75EB2XQcn1H8Vr6cnp/jkF4nbKu0GdVJO3VXUFmGmrQ==
  dependencies:
    "@material/animation" "^0.41.0"
    "@material/base" "^0.41.0"
    "@material/theme" "^0.43.0"

"@material/list@^0.44.1":
  version "0.44.1"
  resolved "https://registry.yarnpkg.com/@material/list/-/list-0.44.1.tgz#03a71a9287c2bcde2fb0e7982895bc2af19a57ca"
  integrity sha512-k0I8qCIlcT94efS1tHtNvOxbgUq7W4EAl6QN7Q1cHMPtVW2dan1SzUHMbacQzd3sIYDTtnxRYoM7MeNAwwl8LA==
  dependencies:
    "@material/base" "^0.41.0"
    "@material/dom" "^0.41.0"
    "@material/feature-targeting" "^0.44.1"
    "@material/ripple" "^0.44.1"
    "@material/rtl" "^0.42.0"
    "@material/shape" "^0.44.1"
    "@material/theme" "^0.43.0"
    "@material/typography" "^0.44.1"

"@material/menu-surface@^0.44.1":
  version "0.44.1"
  resolved "https://registry.yarnpkg.com/@material/menu-surface/-/menu-surface-0.44.1.tgz#d84bc3cc50e527c68b281224899b0b4c929bdb1c"
  integrity sha512-mRTyG1fLtlLCB0syAEKi9Hbvl8su1Lw4z/Miymr01Bfqpvc2hZxVf5bYJ0wuf4RqW32Ch1JkEDI/c5kM2VlCYQ==
  dependencies:
    "@material/animation" "^0.41.0"
    "@material/base" "^0.41.0"
    "@material/elevation" "^0.44.1"
    "@material/feature-targeting" "^0.44.1"
    "@material/rtl" "^0.42.0"
    "@material/shape" "^0.44.1"
    "@material/theme" "^0.43.0"

"@material/menu@^0.44.1":
  version "0.44.1"
  resolved "https://registry.yarnpkg.com/@material/menu/-/menu-0.44.1.tgz#8fec86877c5ed25d84bd3d1b0449a71be3e8f386"
  integrity sha512-2qHUfyx1CoUbnw8BD220IKGzGta/ZlPtYQgQrE1qA9K4eR0wQpwXqfWxo77hz+EbIqtdsKphwiiDI18jhmHqcw==
  dependencies:
    "@material/base" "^0.41.0"
    "@material/feature-targeting" "^0.44.1"
    "@material/list" "^0.44.1"
    "@material/menu-surface" "^0.44.1"
    "@material/ripple" "^0.44.1"
    "@material/rtl" "^0.42.0"

"@material/notched-outline@^0.44.1":
  version "0.44.1"
  resolved "https://registry.yarnpkg.com/@material/notched-outline/-/notched-outline-0.44.1.tgz#dba4812286ba4c20f0361e6040bf9b9cad307434"
  integrity sha512-x1ZJtrrqZgXT8gYE7aRF+6hTWpX7XaKZzsuwD+e0HBsogYNNsYmkBdLjl4YwhhFuHhX8vWzgkay41GtbgQx84Q==
  dependencies:
    "@material/animation" "^0.41.0"
    "@material/base" "^0.41.0"
    "@material/floating-label" "^0.44.1"
    "@material/rtl" "^0.42.0"
    "@material/shape" "^0.44.1"
    "@material/theme" "^0.43.0"

"@material/radio@^0.44.1":
  version "0.44.1"
  resolved "https://registry.yarnpkg.com/@material/radio/-/radio-0.44.1.tgz#5a99aef3444377a8b4e9119996f88988289ccb1e"
  integrity sha512-a7I46dDmwDye3tr2Ba0M74qBe+0AVFjqRjwzZ/xSS0XSv6ZK8+yMVrndVRZjD1uX+Hg6G43PkEtKefneLNIO5g==
  dependencies:
    "@material/animation" "^0.41.0"
    "@material/base" "^0.41.0"
    "@material/feature-targeting" "^0.44.1"
    "@material/ripple" "^0.44.1"
    "@material/selection-control" "^0.44.1"
    "@material/theme" "^0.43.0"

"@material/ripple@^0.44.1":
  version "0.44.1"
  resolved "https://registry.yarnpkg.com/@material/ripple/-/ripple-0.44.1.tgz#79cb2ddf1f998498d877d3e3c46b50fed6f13b01"
  integrity sha512-prJ1p3bR+GvwAtJgtdeIixsnRVApN3bizGnX7upKoqxsqbBDHj84JxaO8EsG9bjruG/LJu8Fb6WKKdIp2oXHTA==
  dependencies:
    "@material/animation" "^0.41.0"
    "@material/base" "^0.41.0"
    "@material/feature-targeting" "^0.44.1"
    "@material/theme" "^0.43.0"

"@material/rtl@^0.42.0":
  version "0.42.0"
  resolved "https://registry.yarnpkg.com/@material/rtl/-/rtl-0.42.0.tgz#1836e78186c2d8b996f6fbf97adab203535335bc"
  integrity sha512-VrnrKJzhmspsN8WXHuxxBZ69yM5IwhCUqWr1t1eNfw3ZEvEj7i1g3P31HGowKThIN1dc1Wh4LE14rCISWCtv5w==

"@material/select@^0.44.1":
  version "0.44.1"
  resolved "https://registry.yarnpkg.com/@material/select/-/select-0.44.1.tgz#22e78b5de2313eee3cfd23b268d0a1fffa82c2cc"
  integrity sha512-DJ3lgFUAEWz6QUNXpmHn0SsdLxyp9+krPIy0Jl2P8e95II6j2+9u2a4C1ulI1owDKgyA0y0+ELAgjQ4W4j+ezQ==
  dependencies:
    "@material/animation" "^0.41.0"
    "@material/base" "^0.41.0"
    "@material/floating-label" "^0.44.1"
    "@material/line-ripple" "^0.43.0"
    "@material/menu" "^0.44.1"
    "@material/menu-surface" "^0.44.1"
    "@material/notched-outline" "^0.44.1"
    "@material/ripple" "^0.44.1"
    "@material/rtl" "^0.42.0"
    "@material/shape" "^0.44.1"
    "@material/theme" "^0.43.0"
    "@material/typography" "^0.44.1"

"@material/selection-control@^0.44.1":
  version "0.44.1"
  resolved "https://registry.yarnpkg.com/@material/selection-control/-/selection-control-0.44.1.tgz#77a47354a4c5128fa34e3ba98d9cc26e8a92839a"
  integrity sha512-Xf1ee2ZV2XJ+rK8OcOD1DZOihfU0uVRdY6iYX/Bqi8k8RXnAbLIBoh6zG3xSwjRNODNvAyHEQaS/ozEfH8eehg==
  dependencies:
    "@material/ripple" "^0.44.1"

"@material/shape@^0.44.1":
  version "0.44.1"
  resolved "https://registry.yarnpkg.com/@material/shape/-/shape-0.44.1.tgz#ff4d5d42b07c5781306677bffee43234b756ea8e"
  integrity sha512-8mCDQmyTEhDK+HX8Tap2Lc82QlVySlXU8zDCNkWoIn1ge+UnRezSDjE4y4P1ABegN5PrkJZPartuQ1U0ttIYXw==
  dependencies:
    "@material/feature-targeting" "^0.44.1"

"@material/slider@^0.44.1":
  version "0.44.1"
  resolved "https://registry.yarnpkg.com/@material/slider/-/slider-0.44.1.tgz#ceffde0e70af6f6b583c943f8cf7fce5a855509f"
  integrity sha512-6sgpIaALviuUQqjSOmcm9APuPZR+29qNSLTFi3kj4vDFb1RXDjdN2uo60/qlWxeOOt0XOuYa825bW8VrJlZO/Q==
  dependencies:
    "@material/animation" "^0.41.0"
    "@material/base" "^0.41.0"
    "@material/rtl" "^0.42.0"
    "@material/theme" "^0.43.0"
    "@material/typography" "^0.44.1"

"@material/snackbar@^0.44.1":
  version "0.44.1"
  resolved "https://registry.yarnpkg.com/@material/snackbar/-/snackbar-0.44.1.tgz#8548d7234230e2e56036a55a6c3e0b30d3d9b2eb"
  integrity sha512-WfjYxBtNWK9RvnAxqjAuu/bMfpisgtM5tHHDMs2W/iiw9dIF4Z5HTKcQwSA040tSL0NxSBGAYvbDO68j+1WSEw==
  dependencies:
    "@material/animation" "^0.41.0"
    "@material/base" "^0.41.0"
    "@material/button" "^0.44.1"
    "@material/dom" "^0.41.0"
    "@material/icon-button" "^0.44.1"
    "@material/ripple" "^0.44.1"
    "@material/rtl" "^0.42.0"
    "@material/shape" "^0.44.1"
    "@material/theme" "^0.43.0"
    "@material/typography" "^0.44.1"

"@material/switch@^0.44.1":
  version "0.44.1"
  resolved "https://registry.yarnpkg.com/@material/switch/-/switch-0.44.1.tgz#b3a1d6169956a70376ec7a09ef5db26bb090c400"
  integrity sha512-BQ91OGtb0ohcszAjVSBjCAnkfJxQrz3r8c5kyofS+qDjYengCe8DaUpcB0PAFAUk5yl7VXs46JholugnIo+IYA==
  dependencies:
    "@material/animation" "^0.41.0"
    "@material/base" "^0.41.0"
    "@material/elevation" "^0.44.1"
    "@material/feature-targeting" "^0.44.1"
    "@material/ripple" "^0.44.1"
    "@material/rtl" "^0.42.0"
    "@material/selection-control" "^0.44.1"
    "@material/theme" "^0.43.0"

"@material/tab-bar@^0.44.1":
  version "0.44.1"
  resolved "https://registry.yarnpkg.com/@material/tab-bar/-/tab-bar-0.44.1.tgz#bfeffb192f20ca4fcaf5d438b9eb0d47a43748d6"
  integrity sha512-gtG6t4e1o7E+tl+V2gLBmLCe7dFV3OO5wg17XBQPjaVlRgzj6UeRRKUDmboFfBQmDEjja582AX7btOf0mfEXfA==
  dependencies:
    "@material/base" "^0.41.0"
    "@material/elevation" "^0.44.1"
    "@material/tab" "^0.44.1"
    "@material/tab-scroller" "^0.44.1"

"@material/tab-indicator@^0.43.0":
  version "0.43.0"
  resolved "https://registry.yarnpkg.com/@material/tab-indicator/-/tab-indicator-0.43.0.tgz#37fd05513ba55ae218d9068c986c2676096fd6eb"
  integrity sha512-RMNMQpWYghWpM6d0ayfuHEPzTiebKG0bMthViiD6tly8PubmOT8mShNhPm8ihybhDPUOLSz+7V4QNE5wikLEYg==
  dependencies:
    "@material/animation" "^0.41.0"
    "@material/base" "^0.41.0"
    "@material/theme" "^0.43.0"

"@material/tab-scroller@^0.44.1":
  version "0.44.1"
  resolved "https://registry.yarnpkg.com/@material/tab-scroller/-/tab-scroller-0.44.1.tgz#37d957f3bb58dba94a495c4390126d9caadfb7cc"
  integrity sha512-FO5NAhJZOJc7opCsXOGYrHu0xXCKWf81456vSMH7/mLV1muuVi8IV6mfxv9Dp2uPmDKF8XGcBDku1auWNb/Z7A==
  dependencies:
    "@material/animation" "^0.41.0"
    "@material/base" "^0.41.0"
    "@material/tab" "^0.44.1"

"@material/tab@^0.44.1":
  version "0.44.1"
  resolved "https://registry.yarnpkg.com/@material/tab/-/tab-0.44.1.tgz#b7cb94dd9d0ed2ec62a7d7187a8e007758e5131d"
  integrity sha512-rLPt6gbPBZ2gKztdfExeF6UlrTWVqKLLNG/Zv80IWCknpZoodScvDu3SaKRonmCuK4zuHht62hjp6Zwe/PsBLw==
  dependencies:
    "@material/base" "^0.41.0"
    "@material/ripple" "^0.44.1"
    "@material/rtl" "^0.42.0"
    "@material/tab-indicator" "^0.43.0"
    "@material/theme" "^0.43.0"
    "@material/typography" "^0.44.1"

"@material/textfield@^0.44.1":
  version "0.44.1"
  resolved "https://registry.yarnpkg.com/@material/textfield/-/textfield-0.44.1.tgz#2bba41cc94e68e328683997a1acf222b643dea9c"
  integrity sha512-zy+56+uqr+L9DGrdOfQjOIMdKlai/7ruyqVfqIY6ieABM7LEGsOsxHhyExQmXo9IiuFhrOceWKFa4yIb8jBsmQ==
  dependencies:
    "@material/animation" "^0.41.0"
    "@material/base" "^0.41.0"
    "@material/floating-label" "^0.44.1"
    "@material/line-ripple" "^0.43.0"
    "@material/notched-outline" "^0.44.1"
    "@material/ripple" "^0.44.1"
    "@material/rtl" "^0.42.0"
    "@material/shape" "^0.44.1"
    "@material/theme" "^0.43.0"
    "@material/typography" "^0.44.1"

"@material/theme@^0.43.0":
  version "0.43.0"
  resolved "https://registry.yarnpkg.com/@material/theme/-/theme-0.43.0.tgz#6d9fa113c82e841817882172c152d60d2d203ca6"
  integrity sha512-/zndZL6EihI18v2mYd4O8xvOBAAXmLeHyHVK28LozSAaJ9okQgD25wq5Ktk95oMTmPIC+rH66KcK6371ivNk8g==

"@material/toolbar@^0.44.1":
  version "0.44.1"
  resolved "https://registry.yarnpkg.com/@material/toolbar/-/toolbar-0.44.1.tgz#f963fc2e5a2ec4ce536231b0f4595c2615ed6142"
  integrity sha512-6aWJL0Aw/Rs6fruu34UU7B+JJVuZ9+ECOrQAXkmrD493j6Nnrt0KYeRkv6tGcAGvej2uCUdy5kFPAqYeZYCB2Q==
  dependencies:
    "@material/base" "^0.41.0"
    "@material/elevation" "^0.44.1"
    "@material/ripple" "^0.44.1"
    "@material/rtl" "^0.42.0"
    "@material/theme" "^0.43.0"
    "@material/typography" "^0.44.1"

"@material/top-app-bar@^0.44.1":
  version "0.44.1"
  resolved "https://registry.yarnpkg.com/@material/top-app-bar/-/top-app-bar-0.44.1.tgz#016caeb0cbb8cea65290af702ad95956eba5d4af"
  integrity sha512-RyRfKEO8qoOmrxoFPFgX3msM+TfFKHPgxRPVnaffIcQzi/0ALeB6qFcxGphZxAeK+/8q+kaNtDhBb9ay12VAIA==
  dependencies:
    "@material/animation" "^0.41.0"
    "@material/base" "^0.41.0"
    "@material/elevation" "^0.44.1"
    "@material/ripple" "^0.44.1"
    "@material/rtl" "^0.42.0"
    "@material/shape" "^0.44.1"
    "@material/theme" "^0.43.0"
    "@material/typography" "^0.44.1"

"@material/typography@^0.44.1":
  version "0.44.1"
  resolved "https://registry.yarnpkg.com/@material/typography/-/typography-0.44.1.tgz#a94f01172f9122180bc2ce0aa55658183a35590d"
  integrity sha512-wMXHusg+Lp5Fdgoj3m0c+Lt6GCeGSh3EPRtQ1TQ2bwdBa0et2FqBaQRgXoq3tVmr0O/7unTfa0DoXlh4nVp1wA==
  dependencies:
    "@material/feature-targeting" "^0.44.1"

focus-trap@^4.0.2:
  version "4.0.2"
  resolved "https://registry.yarnpkg.com/focus-trap/-/focus-trap-4.0.2.tgz#4ee2b96547c9ea0e4252a2d4b2cca68944194663"
  integrity sha512-HtLjfAK7Hp2qbBtLS6wEznID1mPT+48ZnP2nkHzgjpL4kroYHg0CdqJ5cTXk+UO5znAxF5fRUkhdyfgrhh8Lzw==
  dependencies:
    tabbable "^3.1.2"
    xtend "^4.0.1"

material-components-web@^0.44.0:
  version "0.44.1"
  resolved "https://registry.yarnpkg.com/material-components-web/-/material-components-web-0.44.1.tgz#1417fd78c6016fb44f7ea26295e98ae028bc93a8"
  integrity sha512-trVBQzaKvD2S5NmvUcbG3C8NidUzTGrtIjujcmE9rCFGJQkKk+RilzTGHj5kE209xcs1/yb2MqPdRXMvdmUVXA==
  dependencies:
    "@material/animation" "^0.41.0"
    "@material/auto-init" "^0.41.0"
    "@material/base" "^0.41.0"
    "@material/button" "^0.44.1"
    "@material/card" "^0.44.1"
    "@material/checkbox" "^0.44.1"
    "@material/chips" "^0.44.1"
    "@material/dialog" "^0.44.1"
    "@material/dom" "^0.41.0"
    "@material/drawer" "^0.44.1"
    "@material/elevation" "^0.44.1"
    "@material/fab" "^0.44.1"
    "@material/feature-targeting" "^0.44.1"
    "@material/floating-label" "^0.44.1"
    "@material/form-field" "^0.44.1"
    "@material/grid-list" "^0.44.1"
    "@material/icon-button" "^0.44.1"
    "@material/icon-toggle" "^0.44.1"
    "@material/image-list" "^0.44.1"
    "@material/layout-grid" "^0.41.0"
    "@material/line-ripple" "^0.43.0"
    "@material/linear-progress" "^0.43.0"
    "@material/list" "^0.44.1"
    "@material/menu" "^0.44.1"
    "@material/menu-surface" "^0.44.1"
    "@material/notched-outline" "^0.44.1"
    "@material/radio" "^0.44.1"
    "@material/ripple" "^0.44.1"
    "@material/rtl" "^0.42.0"
    "@material/select" "^0.44.1"
    "@material/selection-control" "^0.44.1"
    "@material/shape" "^0.44.1"
    "@material/slider" "^0.44.1"
    "@material/snackbar" "^0.44.1"
    "@material/switch" "^0.44.1"
    "@material/tab" "^0.44.1"
    "@material/tab-bar" "^0.44.1"
    "@material/tab-indicator" "^0.43.0"
    "@material/tab-scroller" "^0.44.1"
    "@material/textfield" "^0.44.1"
    "@material/theme" "^0.43.0"
    "@material/toolbar" "^0.44.1"
    "@material/top-app-bar" "^0.44.1"
    "@material/typography" "^0.44.1"

tabbable@^3.1.2:
  version "3.1.2"
  resolved "https://registry.yarnpkg.com/tabbable/-/tabbable-3.1.2.tgz#f2d16cccd01f400e38635c7181adfe0ad965a4a2"
  integrity sha512-wjB6puVXTYO0BSFtCmWQubA/KIn7Xvajw0x0l6eJUudMG/EAiJvIUnyNX6xO4NpGrJ16lbD0eUseB9WxW0vlpQ==

xtend@^4.0.1:
  version "4.0.1"
  resolved "https://registry.yarnpkg.com/xtend/-/xtend-4.0.1.tgz#a5c6d532be656e23db820efb943a1f04998d63af"
  integrity sha1-pcbVMr5lbiPbgg77lDofBJmNY68=
